
Microsoft Visual Studio Solution File, Format Version 12.00
# Visual Studio Version 17
VisualStudioVersion = 17.5.33516.290
MinimumVisualStudioVersion = 10.0.40219.1
Project("{FAE04EC0-301F-11D3-BF4B-00C04F79EFBC}") = "StreamW&R", "StreamW&R\StreamW&R.csproj", "{7C8236E9-ACF6-4304-9477-7D3759B78918}"
EndProject
Global
	GlobalSection(SolutionConfigurationPlatforms) = preSolution
		Debug|Any CPU = Debug|Any CPU
		Release|Any CPU = Release|Any CPU
	EndGlobalSection
	GlobalSection(ProjectConfigurationPlatforms) = postSolution
		{7C8236E9-ACF6-4304-9477-7D3759B78918}.Debug|Any CPU.ActiveCfg = Debug|Any CPU
		{7C8236E9-ACF6-4304-9477-7D3759B78918}.Debug|Any CPU.Build.0 = Debug|Any CPU
		{7C8236E9-ACF6-4304-9477-7D3759B78918}.Release|Any CPU.ActiveCfg = Release|Any CPU
		{7C8236E9-ACF6-4304-9477-7D3759B78918}.Release|Any CPU.Build.0 = Release|Any CPU
	EndGlobalSection
	GlobalSection(SolutionProperties) = preSolution
		HideSolutionNode = FALSE
	EndGlobalSection
	GlobalSection(ExtensibilityGlobals) = postSolution
		SolutionGuid = {A03F6ECE-A284-4506-A318-0949072CD3F8}
	EndGlobalSection
EndGlobal
